
Microsoft Visual Studio Solution File, Format Version 12.00
# Visual Studio Version 17
VisualStudioVersion = 17.9.34714.143
MinimumVisualStudioVersion = 10.0.40219.1
Project("{FAE04EC0-301F-11D3-BF4B-00C04F79EFBC}") = "TASK1_WPF", "TASK1_WPF\TASK1_WPF.csproj", "{AA1278AB-C361-4F64-AB45-8A2E0F0953FF}"
EndProject
Global
	GlobalSection(SolutionConfigurationPlatforms) = preSolution
		Debug|Any CPU = Debug|Any CPU
		Release|Any CPU = Release|Any CPU
	EndGlobalSection
	GlobalSection(ProjectConfigurationPlatforms) = postSolution
		{AA1278AB-C361-4F64-AB45-8A2E0F0953FF}.Debug|Any CPU.ActiveCfg = Debug|Any CPU
		{AA1278AB-C361-4F64-AB45-8A2E0F0953FF}.Debug|Any CPU.Build.0 = Debug|Any CPU
		{AA1278AB-C361-4F64-AB45-8A2E0F0953FF}.Release|Any CPU.ActiveCfg = Release|Any CPU
		{AA1278AB-C361-4F64-AB45-8A2E0F0953FF}.Release|Any CPU.Build.0 = Release|Any CPU
	EndGlobalSection
	GlobalSection(SolutionProperties) = preSolution
		HideSolutionNode = FALSE
	EndGlobalSection
	GlobalSection(ExtensibilityGlobals) = postSolution
		SolutionGuid = {5F13C611-76F0-4674-B943-C6A8DA4DAB9A}
	EndGlobalSection
EndGlobal
